// !$*UTF8*$!
{
	archiveVersion = 1;
	classes = {
	};
	objectVersion = 50;
	objects = {

/* Begin PBXBuildFile section */
		094E9FCD208DCDDF00AA8050 /* AppDelegate.swift in Sources */ = {isa = PBXBuildFile; fileRef = 094E9FCC208DCDDF00AA8050 /* AppDelegate.swift */; };
		094E9FCF208DCDDF00AA8050 /* ViewController.swift in Sources */ = {isa = PBXBuildFile; fileRef = 094E9FCE208DCDDF00AA8050 /* ViewController.swift */; };
		094E9FD2208DCDDF00AA8050 /* Main.storyboard in Resources */ = {isa = PBXBuildFile; fileRef = 094E9FD0208DCDDF00AA8050 /* Main.storyboard */; };
		094E9FD4208DCDE000AA8050 /* Assets.xcassets in Resources */ = {isa = PBXBuildFile; fileRef = 094E9FD3208DCDE000AA8050 /* Assets.xcassets */; };
		094E9FD7208DCDE000AA8050 /* LaunchScreen.storyboard in Resources */ = {isa = PBXBuildFile; fileRef = 094E9FD5208DCDE000AA8050 /* LaunchScreen.storyboard */; };
/* End PBXBuildFile section */

/* Begin PBXContainerItemProxy section */
		094E9FDE208DCDE100AA8050 /* PBXContainerItemProxy */ = {
			isa = PBXContainerItemProxy;
			containerPortal = 094E9FC1208DCDDF00AA8050 /* Project object */;
			proxyType = 1;
			remoteGlobalIDString = 094E9FC8208DCDDF00AA8050;
			remoteInfo = Draw;
		};
		094E9FE9208DCDE100AA8050 /* PBXContainerItemProxy */ = {
			isa = PBXContainerItemProxy;
			containerPortal = 094E9FC1208DCDDF00AA8050 /* Project object */;
			proxyType = 1;
			remoteGlobalIDString = 094E9FC8208DCDDF00AA8050;
			remoteInfo = Draw;
		};
/* End PBXContainerItemProxy section */

/* Begin PBXFileReference section */
		094E9FC9208DCDDF00AA8050 /* Draw.app */ = {isa = PBXFileReference; explicitFileType = wrapper.application; includeInIndex = 0; path = Draw.app; sourceTree = BUILT_PRODUCTS_DIR; };
		094E9FCC208DCDDF00AA8050 /* AppDelegate.swift */ = {isa = PBXFileReference; lastKnownFileType = sourcecode.swift; path = AppDelegate.swift; sourceTree = "<group>"; };
		094E9FCE208DCDDF00AA8050 /* ViewController.swift */ = {isa = PBXFileReference; lastKnownFileType = sourcecode.swift; path = ViewController.swift; sourceTree = "<group>"; };
		094E9FD1208DCDDF00AA8050 /* Base */ = {isa = PBXFileReference; lastKnownFileType = file.storyboard; name = Base; path = Base.lproj/Main.storyboard; sourceTree = "<group>"; };
		094E9FD3208DCDE000AA8050 /* Assets.xcassets */ = {isa = PBXFileReference; lastKnownFileType = folder.assetcatalog; path = Assets.xcassets; sourceTree = "<group>"; };
		094E9FD6208DCDE000AA8050 /* Base */ = {isa = PBXFileReference; lastKnownFileType = file.storyboard; name = Base; path = Base.lproj/LaunchScreen.storyboard; sourceTree = "<group>"; };
		094E9FD8208DCDE000AA8050 /* Info.plist */ = {isa = PBXFileReference; lastKnownFileType = text.plist.xml; path = Info.plist; sourceTree = "<group>"; };
		094E9FDD208DCDE000AA8050 /* DrawTests.xctest */ = {isa = PBXFileReference; explicitFileType = wrapper.cfbundle; includeInIndex = 0; path = DrawTests.xctest; sourceTree = BUILT_PRODUCTS_DIR; };
		094E9FE8208DCDE100AA8050 /* DrawUITests.xctest */ = {isa = PBXFileReference; explicitFileType = wrapper.cfbundle; includeInIndex = 0; path = DrawUITests.xctest; sourceTree = BUILT_PRODUCTS_DIR; };
/* End PBXFileReference section */

/* Begin PBXFrameworksBuildPhase section */
		094E9FC6208DCDDF00AA8050 /* Frameworks */ = {
			isa = PBXFrameworksBuildPhase;
			buildActionMask = 2147483647;
			files = (
			);
			runOnlyForDeploymentPostprocessing = 0;
		};
		094E9FDA208DCDE000AA8050 /* Frameworks */ = {
			isa = PBXFrameworksBuildPhase;
			buildActionMask = 2147483647;
			files = (
			);
			runOnlyForDeploymentPostprocessing = 0;
		};
		094E9FE5208DCDE100AA8050 /* Frameworks */ = {
			isa = PBXFrameworksBuildPhase;
			buildActionMask = 2147483647;
			files = (
			);
			runOnlyForDeploymentPostprocessing = 0;
		};
/* End PBXFrameworksBuildPhase section */

/* Begin PBXGroup section */
		094E9FC0208DCDDF00AA8050 = {
			isa = PBXGroup;
			children = (
				094E9FCB208DCDDF00AA8050 /* Draw */,
				094E9FCA208DCDDF00AA8050 /* Products */,
			);
			sourceTree = "<group>";
		};
		094E9FCA208DCDDF00AA8050 /* Products */ = {
			isa = PBXGroup;
			children = (
				094E9FC9208DCDDF00AA8050 /* Draw.app */,
				094E9FDD208DCDE000AA8050 /* DrawTests.xctest */,
				094E9FE8208DCDE100AA8050 /* DrawUITests.xctest */,
			);
			name = Products;
			sourceTree = "<group>";
		};
		094E9FCB208DCDDF00AA8050 /* Draw */ = {
			isa = PBXGroup;
			children = (
				094E9FCC208DCDDF00AA8050 /* AppDelegate.swift */,
				094E9FCE208DCDDF00AA8050 /* ViewController.swift */,
				094E9FD0208DCDDF00AA8050 /* Main.storyboard */,
				094E9FD3208DCDE000AA8050 /* Assets.xcassets */,
				094E9FD5208DCDE000AA8050 /* LaunchScreen.storyboard */,
				094E9FD8208DCDE000AA8050 /* Info.plist */,
			);
			path = Draw;
			sourceTree = "<group>";
		};
/* End PBXGroup section */

/* Begin PBXNativeTarget section */
		094E9FC8208DCDDF00AA8050 /* Draw */ = {
			isa = PBXNativeTarget;
			buildConfigurationList = 094E9FF1208DCDE100AA8050 /* Build configuration list for PBXNativeTarget "Draw" */;
			buildPhases = (
				094E9FC5208DCDDF00AA8050 /* Sources */,
				094E9FC6208DCDDF00AA8050 /* Frameworks */,
				094E9FC7208DCDDF00AA8050 /* Resources */,
			);
			buildRules = (
			);
			dependencies = (
			);
			name = Draw;
			productName = Draw;
			productReference = 094E9FC9208DCDDF00AA8050 /* Draw.app */;
			productType = "com.apple.product-type.application";
		};
		094E9FDC208DCDE000AA8050 /* DrawTests */ = {
			isa = PBXNativeTarget;
			buildConfigurationList = 094E9FF4208DCDE100AA8050 /* Build configuration list for PBXNativeTarget "DrawTests" */;
			buildPhases = (
				094E9FD9208DCDE000AA8050 /* Sources */,
				094E9FDA208DCDE000AA8050 /* Frameworks */,
				094E9FDB208DCDE000AA8050 /* Resources */,
			);
			buildRules = (
			);
			dependencies = (
				094E9FDF208DCDE100AA8050 /* PBXTargetDependency */,
			);
			name = DrawTests;
			productName = DrawTests;
			productReference = 094E9FDD208DCDE000AA8050 /* DrawTests.xctest */;
			productType = "com.apple.product-type.bundle.unit-test";
		};
		094E9FE7208DCDE100AA8050 /* DrawUITests */ = {
			isa = PBXNativeTarget;
			buildConfigurationList = 094E9FF7208DCDE100AA8050 /* Build configuration list for PBXNativeTarget "DrawUITests" */;
			buildPhases = (
				094E9FE4208DCDE100AA8050 /* Sources */,
				094E9FE5208DCDE100AA8050 /* Frameworks */,
				094E9FE6208DCDE100AA8050 /* Resources */,
			);
			buildRules = (
			);
			dependencies = (
				094E9FEA208DCDE100AA8050 /* PBXTargetDependency */,
			);
			name = DrawUITests;
			productName = DrawUITests;
			productReference = 094E9FE8208DCDE100AA8050 /* DrawUITests.xctest */;
			productType = "com.apple.product-type.bundle.ui-testing";
		};
/* End PBXNativeTarget section */

/* Begin PBXProject section */
		094E9FC1208DCDDF00AA8050 /* Project object */ = {
			isa = PBXProject;
			attributes = {
				LastSwiftUpdateCheck = 0930;
				LastUpgradeCheck = 0930;
				ORGANIZATIONNAME = Leaf;
				TargetAttributes = {
					094E9FC8208DCDDF00AA8050 = {
						CreatedOnToolsVersion = 9.3;
					};
					094E9FDC208DCDE000AA8050 = {
						CreatedOnToolsVersion = 9.3;
						TestTargetID = 094E9FC8208DCDDF00AA8050;
					};
					094E9FE7208DCDE100AA8050 = {
						CreatedOnToolsVersion = 9.3;
						TestTargetID = 094E9FC8208DCDDF00AA8050;
					};
				};
			};
			buildConfigurationList = 094E9FC4208DCDDF00AA8050 /* Build configuration list for PBXProject "Draw" */;
			compatibilityVersion = "Xcode 9.3";
			developmentRegion = en;
			hasScannedForEncodings = 0;
			knownRegions = (
				en,
				Base,
			);
			mainGroup = 094E9FC0208DCDDF00AA8050;
			productRefGroup = 094E9FCA208DCDDF00AA8050 /* Products */;
			projectDirPath = "";
			projectRoot = "";
			targets = (
				094E9FC8208DCDDF00AA8050 /* Draw */,
				094E9FDC208DCDE000AA8050 /* DrawTests */,
				094E9FE7208DCDE100AA8050 /* DrawUITests */,
			);
		};
/* End PBXProject section */

/* Begin PBXResourcesBuildPhase section */
		094E9FC7208DCDDF00AA8050 /* Resources */ = {
			isa = PBXResourcesBuildPhase;
			buildActionMask = 2147483647;
			files = (
				094E9FD7208DCDE000AA8050 /* LaunchScreen.storyboard in Resources */,
				094E9FD4208DCDE000AA8050 /* Assets.xcassets in Resources */,
				094E9FD2208DCDDF00AA8050 /* Main.storyboard in Resources */,
			);
			runOnlyForDeploymentPostprocessing = 0;
		};
		094E9FDB208DCDE000AA8050 /* Resources */ = {
			isa = PBXResourcesBuildPhase;
			buildActionMask = 2147483647;
			files = (
			);
			runOnlyForDeploymentPostprocessing = 0;
		};
		094E9FE6208DCDE100AA8050 /* Resources */ = {
			isa = PBXResourcesBuildPhase;
			buildActionMask = 2147483647;
			files = (
			);
			runOnlyForDeploymentPostprocessing = 0;
		};
/* End PBXResourcesBuildPhase section */

/* Begin PBXSourcesBuildPhase section */
		094E9FC5208DCDDF00AA8050 /* Sources */ = {
			isa = PBXSourcesBuildPhase;
			buildActionMask = 2147483647;
			files = (
				094E9FCF208DCDDF00AA8050 /* ViewController.swift in Sources */,
				094E9FCD208DCDDF00AA8050 /* AppDelegate.swift in Sources */,
			);
			runOnlyForDeploymentPostprocessing = 0;
		};
		094E9FD9208DCDE000AA8050 /* Sources */ = {
			isa = PBXSourcesBuildPhase;
			buildActionMask = 2147483647;
			files = (
			);
			runOnlyForDeploymentPostprocessing = 0;
		};
		094E9FE4208DCDE100AA8050 /* Sources */ = {
			isa = PBXSourcesBuildPhase;
			buildActionMask = 2147483647;
			files = (
			);
			runOnlyForDeploymentPostprocessing = 0;
		};
/* End PBXSourcesBuildPhase section */

/* Begin PBXTargetDependency section */
		094E9FDF208DCDE100AA8050 /* PBXTargetDependency */ = {
			isa = PBXTargetDependency;
			target = 094E9FC8208DCDDF00AA8050 /* Draw */;
			targetProxy = 094E9FDE208DCDE100AA8050 /* PBXContainerItemProxy */;
		};
		094E9FEA208DCDE100AA8050 /* PBXTargetDependency */ = {
			isa = PBXTargetDependency;
			target = 094E9FC8208DCDDF00AA8050 /* Draw */;
			targetProxy = 094E9FE9208DCDE100AA8050 /* PBXContainerItemProxy */;
		};
/* End PBXTargetDependency section */

/* Begin PBXVariantGroup section */
		094E9FD0208DCDDF00AA8050 /* Main.storyboard */ = {
			isa = PBXVariantGroup;
			children = (
				094E9FD1208DCDDF00AA8050 /* Base */,
			);
			name = Main.storyboard;
			sourceTree = "<group>";
		};
		094E9FD5208DCDE000AA8050 /* LaunchScreen.storyboard */ = {
			isa = PBXVariantGroup;
			children = (
				094E9FD6208DCDE000AA8050 /* Base */,
			);
			name = LaunchScreen.storyboard;
			sourceTree = "<group>";
		};
/* End PBXVariantGroup section */

/* Begin XCBuildConfiguration section */
		094E9FEF208DCDE100AA8050 /* Debug */ = {
			isa = XCBuildConfiguration;
			buildSettings = {
				ALWAYS_SEARCH_USER_PATHS = NO;
				CLANG_ANALYZER_NONNULL = YES;
				CLANG_ANALYZER_NUMBER_OBJECT_CONVERSION = YES_AGGRESSIVE;
				CLANG_CXX_LANGUAGE_STANDARD = "gnu++14";
				CLANG_CXX_LIBRARY = "libc++";
				CLANG_ENABLE_MODULES = YES;
				CLANG_ENABLE_OBJC_ARC = YES;
				CLANG_ENABLE_OBJC_WEAK = YES;
				CLANG_WARN_BLOCK_CAPTURE_AUTORELEASING = YES;
				CLANG_WARN_BOOL_CONVERSION = YES;
				CLANG_WARN_COMMA = YES;
				CLANG_WARN_CONSTANT_CONVERSION = YES;
				CLANG_WARN_DEPRECATED_OBJC_IMPLEMENTATIONS = YES;
				CLANG_WARN_DIRECT_OBJC_ISA_USAGE = YES_ERROR;
				CLANG_WARN_DOCUMENTATION_COMMENTS = YES;
				CLANG_WARN_EMPTY_BODY = YES;
				CLANG_WARN_ENUM_CONVERSION = YES;
				CLANG_WARN_INFINITE_RECURSION = YES;
				CLANG_WARN_INT_CONVERSION = YES;
				CLANG_WARN_NON_LITERAL_NULL_CONVERSION = YES;
				CLANG_WARN_OBJC_IMPLICIT_RETAIN_SELF = YES;
				CLANG_WARN_OBJC_LITERAL_CONVERSION = YES;
				CLANG_WARN_OBJC_ROOT_CLASS = YES_ERROR;
				CLANG_WARN_RANGE_LOOP_ANALYSIS = YES;
				CLANG_WARN_STRICT_PROTOTYPES = YES;
				CLANG_WARN_SUSPICIOUS_MOVE = YES;
				CLANG_WARN_UNGUARDED_AVAILABILITY = YES_AGGRESSIVE;
				CLANG_WARN_UNREACHABLE_CODE = YES;
				CLANG_WARN__DUPLICATE_METHOD_MATCH = YES;
				CODE_SIGN_IDENTITY = "iPhone Developer";
				COPY_PHASE_STRIP = NO;
				DEBUG_INFORMATION_FORMAT = dwarf;
				ENABLE_STRICT_OBJC_MSGSEND = YES;
				ENABLE_TESTABILITY = YES;
				GCC_C_LANGUAGE_STANDARD = gnu11;
				GCC_DYNAMIC_NO_PIC = NO;
				GCC_NO_COMMON_BLOCKS = YES;
				GCC_OPTIMIZATION_LEVEL = 0;
				GCC_PREPROCESSOR_DEFINITIONS = (
					"DEBUG=1",
					"$(inherited)",
				);
				GCC_WARN_64_TO_32_BIT_CONVERSION = YES;
				GCC_WARN_ABOUT_RETURN_TYPE = YES_ERROR;
				GCC_WARN_UNDECLARED_SELECTOR = YES;
				GCC_WARN_UNINITIALIZED_AUTOS = YES_AGGRESSIVE;
				GCC_WARN_UNUSED_FUNCTION = YES;
				GCC_WARN_UNUSED_VARIABLE = YES;
				IPHONEOS_DEPLOYMENT_TARGET = 11.3;
				MTL_ENABLE_DEBUG_INFO = YES;
				ONLY_ACTIVE_ARCH = YES;
				SDKROOT = iphoneos;
				SWIFT_ACTIVE_COMPILATION_CONDITIONS = DEBUG;
				SWIFT_OPTIMIZATION_LEVEL = "-Onone";
			};
			name = Debug;
		};
		094E9FF0208DCDE100AA8050 /* Release */ = {
			isa = XCBuildConfiguration;
			buildSettings = {
				ALWAYS_SEARCH_USER_PATHS = NO;
				CLANG_ANALYZER_NONNULL = YES;
				CLANG_ANALYZER_NUMBER_OBJECT_CONVERSION = YES_AGGRESSIVE;
				CLANG_CXX_LANGUAGE_STANDARD = "gnu++14";
				CLANG_CXX_LIBRARY = "libc++";
				CLANG_ENABLE_MODULES = YES;
				CLANG_ENABLE_OBJC_ARC = YES;
				CLANG_ENABLE_OBJC_WEAK = YES;
				CLANG_WARN_BLOCK_CAPTURE_AUTORELEASING = YES;
				CLANG_WARN_BOOL_CONVERSION = YES;
				CLANG_WARN_COMMA = YES;
				CLANG_WARN_CONSTANT_CONVERSION = YES;
				CLANG_WARN_DEPRECATED_OBJC_IMPLEMENTATIONS = YES;
				CLANG_WARN_DIRECT_OBJC_ISA_USAGE = YES_ERROR;
				CLANG_WARN_DOCUMENTATION_COMMENTS = YES;
				CLANG_WARN_EMPTY_BODY = YES;
				CLANG_WARN_ENUM_CONVERSION = YES;
				CLANG_WARN_INFINITE_RECURSION = YES;
				CLANG_WARN_INT_CONVERSION = YES;
				CLANG_WARN_NON_LITERAL_NULL_CONVERSION = YES;
				CLANG_WARN_OBJC_IMPLICIT_RETAIN_SELF = YES;
				CLANG_WARN_OBJC_LITERAL_CONVERSION = YES;
				CLANG_WARN_OBJC_ROOT_CLASS = YES_ERROR;
				CLANG_WARN_RANGE_LOOP_ANALYSIS = YES;
				CLANG_WARN_STRICT_PROTOTYPES = YES;
				CLANG_WARN_SUSPICIOUS_MOVE = YES;
				CLANG_WARN_UNGUARDED_AVAILABILITY = YES_AGGRESSIVE;
				CLANG_WARN_UNREACHABLE_CODE = YES;
				CLANG_WARN__DUPLICATE_METHOD_MATCH = YES;
				CODE_SIGN_IDENTITY = "iPhone Developer";
				COPY_PHASE_STRIP = NO;
				DEBUG_INFORMATION_FORMAT = "dwarf-with-dsym";
				ENABLE_NS_ASSERTIONS = NO;
				ENABLE_STRICT_OBJC_MSGSEND = YES;
				GCC_C_LANGUAGE_STANDARD = gnu11;
				GCC_NO_COMMON_BLOCKS = YES;
				GCC_WARN_64_TO_32_BIT_CONVERSION = YES;
				GCC_WARN_ABOUT_RETURN_TYPE = YES_ERROR;
				GCC_WARN_UNDECLARED_SELECTOR = YES;
				GCC_WARN_UNINITIALIZED_AUTOS = YES_AGGRESSIVE;
				GCC_WARN_UNUSED_FUNCTION = YES;
				GCC_WARN_UNUSED_VARIABLE = YES;
				IPHONEOS_DEPLOYMENT_TARGET = 11.3;
				MTL_ENABLE_DEBUG_INFO = NO;
				SDKROOT = iphoneos;
				SWIFT_COMPILATION_MODE = wholemodule;
				SWIFT_OPTIMIZATION_LEVEL = "-O";
				VALIDATE_PRODUCT = YES;
			};
			name = Release;
		};
		094E9FF2208DCDE100AA8050 /* Debug */ = {
			isa = XCBuildConfiguration;
			buildSettings = {
				ASSETCATALOG_COMPILER_APPICON_NAME = AppIcon;
				CODE_SIGN_STYLE = Automatic;
				DEVELOPMENT_TEAM = PU35LRDJKU;
				INFOPLIST_FILE = Draw/Info.plist;
				LD_RUNPATH_SEARCH_PATHS = (
					"$(inherited)",
					"@executable_path/Frameworks",
				);
				PRODUCT_BUNDLE_IDENTIFIER = Aki.Draw;
				PRODUCT_NAME = "$(TARGET_NAME)";
				SWIFT_VERSION = 4.0;
				TARGETED_DEVICE_FAMILY = "1,2";
			};
			name = Debug;
		};
		094E9FF3208DCDE100AA8050 /* Release */ = {
			isa = XCBuildConfiguration;
			buildSettings = {
				ASSETCATALOG_COMPILER_APPICON_NAME = AppIcon;
				CODE_SIGN_STYLE = Automatic;
				DEVELOPMENT_TEAM = PU35LRDJKU;
				INFOPLIST_FILE = Draw/Info.plist;
				LD_RUNPATH_SEARCH_PATHS = (
					"$(inherited)",
					"@executable_path/Frameworks",
				);
				PRODUCT_BUNDLE_IDENTIFIER = Aki.Draw;
				PRODUCT_NAME = "$(TARGET_NAME)";
				SWIFT_VERSION = 4.0;
				TARGETED_DEVICE_FAMILY = "1,2";
			};
			name = Release;
		};
		094E9FF5208DCDE100AA8050 /* Debug */ = {
			isa = XCBuildConfiguration;
			buildSettings = {
				ALWAYS_EMBED_SWIFT_STANDARD_LIBRARIES = YES;
				BUNDLE_LOADER = "$(TEST_HOST)";
				CODE_SIGN_STYLE = Automatic;
				DEVELOPMENT_TEAM = PU35LRDJKU;
				INFOPLIST_FILE = DrawTests/Info.plist;
				LD_RUNPATH_SEARCH_PATHS = (
					"$(inherited)",
					"@executable_path/Frameworks",
					"@loader_path/Frameworks",
				);
				PRODUCT_BUNDLE_IDENTIFIER = Aki.DrawTests;
				PRODUCT_NAME = "$(TARGET_NAME)";
				SWIFT_VERSION = 4.0;
				TARGETED_DEVICE_FAMILY = "1,2";
				TEST_HOST = "$(BUILT_PRODUCTS_DIR)/Draw.app/Draw";
			};
			name = Debug;
		};
		094E9FF6208DCDE100AA8050 /* Release */ = {
			isa = XCBuildConfiguration;
			buildSettings = {
				ALWAYS_EMBED_SWIFT_STANDARD_LIBRARIES = YES;
				BUNDLE_LOADER = "$(TEST_HOST)";
				CODE_SIGN_STYLE = Automatic;
				DEVELOPMENT_TEAM = PU35LRDJKU;
				INFOPLIST_FILE = DrawTests/Info.plist;
				LD_RUNPATH_SEARCH_PATHS = (
					"$(inherited)",
					"@executable_path/Frameworks",
					"@loader_path/Frameworks",
				);
				PRODUCT_BUNDLE_IDENTIFIER = Aki.DrawTests;
				PRODUCT_NAME = "$(TARGET_NAME)";
				SWIFT_VERSION = 4.0;
				TARGETED_DEVICE_FAMILY = "1,2";
				TEST_HOST = "$(BUILT_PRODUCTS_DIR)/Draw.app/Draw";
			};
			name = Release;
		};
		094E9FF8208DCDE100AA8050 /* Debug */ = {
			isa = XCBuildConfiguration;
			buildSettings = {
				ALWAYS_EMBED_SWIFT_STANDARD_LIBRARIES = YES;
				CODE_SIGN_STYLE = Automatic;
				DEVELOPMENT_TEAM = PU35LRDJKU;
				INFOPLIST_FILE = DrawUITests/Info.plist;
				LD_RUNPATH_SEARCH_PATHS = (
					"$(inherited)",
					"@executable_path/Frameworks",
					"@loader_path/Frameworks",
				);
				PRODUCT_BUNDLE_IDENTIFIER = Aki.DrawUITests;
				PRODUCT_NAME = "$(TARGET_NAME)";
				SWIFT_VERSION = 4.0;
				TARGETED_DEVICE_FAMILY = "1,2";
				TEST_TARGET_NAME = Draw;
			};
			name = Debug;
		};
		094E9FF9208DCDE100AA8050 /* Release */ = {
			isa = XCBuildConfiguration;
			buildSettings = {
				ALWAYS_EMBED_SWIFT_STANDARD_LIBRARIES = YES;
				CODE_SIGN_STYLE = Automatic;
				DEVELOPMENT_TEAM = PU35LRDJKU;
				INFOPLIST_FILE = DrawUITests/Info.plist;
				LD_RUNPATH_SEARCH_PATHS = (
					"$(inherited)",
					"@executable_path/Frameworks",
					"@loader_path/Frameworks",
				);
				PRODUCT_BUNDLE_IDENTIFIER = Aki.DrawUITests;
				PRODUCT_NAME = "$(TARGET_NAME)";
				SWIFT_VERSION = 4.0;
				TARGETED_DEVICE_FAMILY = "1,2";
				TEST_TARGET_NAME = Draw;
			};
			name = Release;
		};
/* End XCBuildConfiguration section */

/* Begin XCConfigurationList section */
		094E9FC4208DCDDF00AA8050 /* Build configuration list for PBXProject "Draw" */ = {
			isa = XCConfigurationList;
			buildConfigurations = (
				094E9FEF208DCDE100AA8050 /* Debug */,
				094E9FF0208DCDE100AA8050 /* Release */,
			);
			defaultConfigurationIsVisible = 0;
			defaultConfigurationName = Release;
		};
		094E9FF1208DCDE100AA8050 /* Build configuration list for PBXNativeTarget "Draw" */ = {
			isa = XCConfigurationList;
			buildConfigurations = (
				094E9FF2208DCDE100AA8050 /* Debug */,
				094E9FF3208DCDE100AA8050 /* Release */,
			);
			defaultConfigurationIsVisible = 0;
			defaultConfigurationName = Release;
		};
		094E9FF4208DCDE100AA8050 /* Build configuration list for PBXNativeTarget "DrawTests" */ = {
			isa = XCConfigurationList;
			buildConfigurations = (
				094E9FF5208DCDE100AA8050 /* Debug */,
				094E9FF6208DCDE100AA8050 /* Release */,
			);
			defaultConfigurationIsVisible = 0;
			defaultConfigurationName = Release;
		};
		094E9FF7208DCDE100AA8050 /* Build configuration list for PBXNativeTarget "DrawUITests" */ = {
			isa = XCConfigurationList;
			buildConfigurations = (
				094E9FF8208DCDE100AA8050 /* Debug */,
				094E9FF9208DCDE100AA8050 /* Release */,
			);
			defaultConfigurationIsVisible = 0;
			defaultConfigurationName = Release;
		};
/* End XCConfigurationList section */
	};
	rootObject = 094E9FC1208DCDDF00AA8050 /* Project object */;
}
